
Microsoft Visual Studio Solution File, Format Version 12.00
# Visual Studio Version 17
VisualStudioVersion = 17.1.32228.430
MinimumVisualStudioVersion = 10.0.40219.1
Project("{9A19103F-16F7-4668-BE54-9A1E7A4F7556}") = "Http.API", "src\Http.API\Http.API.csproj", "{47439004-13F3-4A35-A824-4E679E5368E1}"
EndProject
Project("{2150E333-8FDC-42A3-9474-1A3956D46DE8}") = "src", "src", "{FB9BEFB4-E921-476F-AC1B-B589C2CA2562}"
EndProject
Project("{9A19103F-16F7-4668-BE54-9A1E7A4F7556}") = "Application", "src\Application\Application.csproj", "{604DD880-14E9-4475-9380-19660BB64F98}"
EndProject
Project("{2150E333-8FDC-42A3-9474-1A3956D46DE8}") = "Microservices", "Microservices", "{8DC1E254-AC50-476A-A311-BC4D67F86A12}"
EndProject
Project("{9A19103F-16F7-4668-BE54-9A1E7A4F7556}") = "EntityFramework", "src\Definition\EntityFramework\EntityFramework.csproj", "{9BDFBC64-469E-4CE6-B1AB-36C8E5E2E4E4}"
EndProject
Project("{9A19103F-16F7-4668-BE54-9A1E7A4F7556}") = "Share", "src\Definition\Share\Share.csproj", "{5D8DD758-141F-452D-A69C-B2652C1ABF91}"
EndProject
Project("{2150E333-8FDC-42A3-9474-1A3956D46DE8}") = "config", "config", "{F4A37FAE-B90C-481B-AD56-427CE7D95364}"
EndProject
Project("{2150E333-8FDC-42A3-9474-1A3956D46DE8}") = "scripts", "scripts", "{8377B34A-79F0-47E0-96E1-0AF7B2ACE75C}"
	ProjectSection(SolutionItems) = preProject
		scripts\default.ps1 = scripts\default.ps1
		scripts\deploy\docker-compose.yml = scripts\deploy\docker-compose.yml
	EndProjectSection
EndProject
Project("{2150E333-8FDC-42A3-9474-1A3956D46DE8}") = "docs", "docs", "{171177E5-11DA-47B2-B9C3-EDFC480A9C6E}"
	ProjectSection(SolutionItems) = preProject
		docs\docs.md = docs\docs.md
	EndProjectSection
EndProject
Project("{9A19103F-16F7-4668-BE54-9A1E7A4F7556}") = "TaskService", "src\Microservices\TaskService\TaskService.csproj", "{DFB55BE8-2940-49DE-AA90-74488E53860E}"
EndProject
Project("{2150E333-8FDC-42A3-9474-1A3956D46DE8}") = "App", "App", "{290CF784-374C-4148-96DA-C87B82374C22}"
EndProject
Project("{2150E333-8FDC-42A3-9474-1A3956D46DE8}") = "Infrastructure", "Infrastructure", "{8259B6BD-24A0-4326-A7EF-0BF68F2C9319}"
EndProject
Project("{9A19103F-16F7-4668-BE54-9A1E7A4F7556}") = "Ater.Web.Core", "src\Infrastructure\Ater.Web.Core\Ater.Web.Core.csproj", "{1133D8A6-9EC5-49FF-9FEB-6D1E12AC62D8}"
EndProject
Project("{9A19103F-16F7-4668-BE54-9A1E7A4F7556}") = "Ater.Web.Abstraction", "src\Infrastructure\Ater.Web.Abstraction\Ater.Web.Abstraction.csproj", "{892F7390-2B9E-4A5E-B9AE-DBC0E61BBA1B}"
EndProject
Project("{9A19103F-16F7-4668-BE54-9A1E7A4F7556}") = "Entity", "src\Definition\Entity\Entity.csproj", "{115084C5-FF87-4EF9-B6CA-F7BA06D802CE}"
EndProject
Project("{2150E333-8FDC-42A3-9474-1A3956D46DE8}") = "Definition", "Definition", "{26B5CF1E-5A71-40DA-9744-B1D51165605F}"
EndProject
Project("{2150E333-8FDC-42A3-9474-1A3956D46DE8}") = "Modules", "Modules", "{8B7AF496-886A-485F-A629-6ACD91F8970B}"
EndProject
Project("{9A19103F-16F7-4668-BE54-9A1E7A4F7556}") = "Ater.Web.Extension", "src\Infrastructure\Ater.Web.Extension\Ater.Web.Extension.csproj", "{179A0854-B2EA-4A76-9802-18731292A008}"
EndProject
Global
	GlobalSection(SolutionConfigurationPlatforms) = preSolution
		Debug|Any CPU = Debug|Any CPU
		Release|Any CPU = Release|Any CPU
	EndGlobalSection
	GlobalSection(ProjectConfigurationPlatforms) = postSolution
		{47439004-13F3-4A35-A824-4E679E5368E1}.Debug|Any CPU.ActiveCfg = Debug|Any CPU
		{47439004-13F3-4A35-A824-4E679E5368E1}.Debug|Any CPU.Build.0 = Debug|Any CPU
		{47439004-13F3-4A35-A824-4E679E5368E1}.Release|Any CPU.ActiveCfg = Release|Any CPU
		{47439004-13F3-4A35-A824-4E679E5368E1}.Release|Any CPU.Build.0 = Release|Any CPU
		{604DD880-14E9-4475-9380-19660BB64F98}.Debug|Any CPU.ActiveCfg = Debug|Any CPU
		{604DD880-14E9-4475-9380-19660BB64F98}.Debug|Any CPU.Build.0 = Debug|Any CPU
		{604DD880-14E9-4475-9380-19660BB64F98}.Release|Any CPU.ActiveCfg = Release|Any CPU
		{604DD880-14E9-4475-9380-19660BB64F98}.Release|Any CPU.Build.0 = Release|Any CPU
		{9BDFBC64-469E-4CE6-B1AB-36C8E5E2E4E4}.Debug|Any CPU.ActiveCfg = Debug|Any CPU
		{9BDFBC64-469E-4CE6-B1AB-36C8E5E2E4E4}.Debug|Any CPU.Build.0 = Debug|Any CPU
		{9BDFBC64-469E-4CE6-B1AB-36C8E5E2E4E4}.Release|Any CPU.ActiveCfg = Release|Any CPU
		{9BDFBC64-469E-4CE6-B1AB-36C8E5E2E4E4}.Release|Any CPU.Build.0 = Release|Any CPU
		{5D8DD758-141F-452D-A69C-B2652C1ABF91}.Debug|Any CPU.ActiveCfg = Debug|Any CPU
		{5D8DD758-141F-452D-A69C-B2652C1ABF91}.Debug|Any CPU.Build.0 = Debug|Any CPU
		{5D8DD758-141F-452D-A69C-B2652C1ABF91}.Release|Any CPU.ActiveCfg = Release|Any CPU
		{5D8DD758-141F-452D-A69C-B2652C1ABF91}.Release|Any CPU.Build.0 = Release|Any CPU
		{DFB55BE8-2940-49DE-AA90-74488E53860E}.Debug|Any CPU.ActiveCfg = Debug|Any CPU
		{DFB55BE8-2940-49DE-AA90-74488E53860E}.Debug|Any CPU.Build.0 = Debug|Any CPU
		{DFB55BE8-2940-49DE-AA90-74488E53860E}.Release|Any CPU.ActiveCfg = Release|Any CPU
		{DFB55BE8-2940-49DE-AA90-74488E53860E}.Release|Any CPU.Build.0 = Release|Any CPU
		{1133D8A6-9EC5-49FF-9FEB-6D1E12AC62D8}.Debug|Any CPU.ActiveCfg = Debug|Any CPU
		{1133D8A6-9EC5-49FF-9FEB-6D1E12AC62D8}.Debug|Any CPU.Build.0 = Debug|Any CPU
		{1133D8A6-9EC5-49FF-9FEB-6D1E12AC62D8}.Release|Any CPU.ActiveCfg = Release|Any CPU
		{1133D8A6-9EC5-49FF-9FEB-6D1E12AC62D8}.Release|Any CPU.Build.0 = Release|Any CPU
		{892F7390-2B9E-4A5E-B9AE-DBC0E61BBA1B}.Debug|Any CPU.ActiveCfg = Debug|Any CPU
		{892F7390-2B9E-4A5E-B9AE-DBC0E61BBA1B}.Debug|Any CPU.Build.0 = Debug|Any CPU
		{892F7390-2B9E-4A5E-B9AE-DBC0E61BBA1B}.Release|Any CPU.ActiveCfg = Release|Any CPU
		{892F7390-2B9E-4A5E-B9AE-DBC0E61BBA1B}.Release|Any CPU.Build.0 = Release|Any CPU
		{115084C5-FF87-4EF9-B6CA-F7BA06D802CE}.Debug|Any CPU.ActiveCfg = Debug|Any CPU
		{115084C5-FF87-4EF9-B6CA-F7BA06D802CE}.Debug|Any CPU.Build.0 = Debug|Any CPU
		{115084C5-FF87-4EF9-B6CA-F7BA06D802CE}.Release|Any CPU.ActiveCfg = Release|Any CPU
		{115084C5-FF87-4EF9-B6CA-F7BA06D802CE}.Release|Any CPU.Build.0 = Release|Any CPU
		{179A0854-B2EA-4A76-9802-18731292A008}.Debug|Any CPU.ActiveCfg = Debug|Any CPU
		{179A0854-B2EA-4A76-9802-18731292A008}.Debug|Any CPU.Build.0 = Debug|Any CPU
		{179A0854-B2EA-4A76-9802-18731292A008}.Release|Any CPU.ActiveCfg = Release|Any CPU
		{179A0854-B2EA-4A76-9802-18731292A008}.Release|Any CPU.Build.0 = Release|Any CPU
	EndGlobalSection
	GlobalSection(SolutionProperties) = preSolution
		HideSolutionNode = FALSE
	EndGlobalSection
	GlobalSection(NestedProjects) = preSolution
		{47439004-13F3-4A35-A824-4E679E5368E1} = {FB9BEFB4-E921-476F-AC1B-B589C2CA2562}
		{604DD880-14E9-4475-9380-19660BB64F98} = {FB9BEFB4-E921-476F-AC1B-B589C2CA2562}
		{8DC1E254-AC50-476A-A311-BC4D67F86A12} = {FB9BEFB4-E921-476F-AC1B-B589C2CA2562}
		{9BDFBC64-469E-4CE6-B1AB-36C8E5E2E4E4} = {26B5CF1E-5A71-40DA-9744-B1D51165605F}
		{5D8DD758-141F-452D-A69C-B2652C1ABF91} = {26B5CF1E-5A71-40DA-9744-B1D51165605F}
		{DFB55BE8-2940-49DE-AA90-74488E53860E} = {8DC1E254-AC50-476A-A311-BC4D67F86A12}
		{290CF784-374C-4148-96DA-C87B82374C22} = {FB9BEFB4-E921-476F-AC1B-B589C2CA2562}
		{8259B6BD-24A0-4326-A7EF-0BF68F2C9319} = {FB9BEFB4-E921-476F-AC1B-B589C2CA2562}
		{1133D8A6-9EC5-49FF-9FEB-6D1E12AC62D8} = {8259B6BD-24A0-4326-A7EF-0BF68F2C9319}
		{892F7390-2B9E-4A5E-B9AE-DBC0E61BBA1B} = {8259B6BD-24A0-4326-A7EF-0BF68F2C9319}
		{115084C5-FF87-4EF9-B6CA-F7BA06D802CE} = {26B5CF1E-5A71-40DA-9744-B1D51165605F}
		{26B5CF1E-5A71-40DA-9744-B1D51165605F} = {FB9BEFB4-E921-476F-AC1B-B589C2CA2562}
		{8B7AF496-886A-485F-A629-6ACD91F8970B} = {FB9BEFB4-E921-476F-AC1B-B589C2CA2562}
		{179A0854-B2EA-4A76-9802-18731292A008} = {8259B6BD-24A0-4326-A7EF-0BF68F2C9319}
	EndGlobalSection
	GlobalSection(ExtensibilityGlobals) = postSolution
		SolutionGuid = {E9C122E1-F965-4DE0-BA4B-CFC5D269C768}
	EndGlobalSection
EndGlobal
